
Microsoft Visual Studio Solution File, Format Version 12.00
# Visual Studio Version 16
VisualStudioVersion = 16.0.35130.168
MinimumVisualStudioVersion = 10.0.40219.1
Project("{FAE04EC0-301F-11D3-BF4B-00C04F79EFBC}") = "UpperSystem", "UpperSystem.csproj", "{FA469585-3D6D-48F7-9A69-6C10031DC980}"
EndProject
Project("{FAE04EC0-301F-11D3-BF4B-00C04F79EFBC}") = "UpperSystem.Infrasture", "..\UpperSystem.Infrasture\UpperSystem.Infrasture.csproj", "{1340F4FD-B6AB-4923-9719-3AAB576C0173}"
EndProject
Project("{FAE04EC0-301F-11D3-BF4B-00C04F79EFBC}") = "UpperSystem.Utility", "..\UpperSystem.Utility\UpperSystem.Utility.csproj", "{0D3FD8FA-B723-4F03-ABF6-4FB32A806982}"
EndProject
Project("{FAE04EC0-301F-11D3-BF4B-00C04F79EFBC}") = "UpperSystem.DataAccess", "..\UpperSystem.DataAccess\UpperSystem.DataAccess.csproj", "{28B3239E-E5BA-4FF3-A44C-F395ADB15617}"
EndProject
Project("{FAE04EC0-301F-11D3-BF4B-00C04F79EFBC}") = "UpperSystem.Services", "..\UpperSystem.Services\UpperSystem.Services.csproj", "{6542E831-DF4E-4E34-BF5A-80BD5BE2ECCC}"
EndProject
Project("{FAE04EC0-301F-11D3-BF4B-00C04F79EFBC}") = "UpperSystem.IServices", "..\UpperSystem.IServices\UpperSystem.IServices.csproj", "{26A90066-78A3-4608-B63B-991650CF0919}"
EndProject
Global
	GlobalSection(SolutionConfigurationPlatforms) = preSolution
		Debug|Any CPU = Debug|Any CPU
		Release|Any CPU = Release|Any CPU
	EndGlobalSection
	GlobalSection(ProjectConfigurationPlatforms) = postSolution
		{FA469585-3D6D-48F7-9A69-6C10031DC980}.Debug|Any CPU.ActiveCfg = Debug|Any CPU
		{FA469585-3D6D-48F7-9A69-6C10031DC980}.Debug|Any CPU.Build.0 = Debug|Any CPU
		{FA469585-3D6D-48F7-9A69-6C10031DC980}.Release|Any CPU.ActiveCfg = Release|Any CPU
		{FA469585-3D6D-48F7-9A69-6C10031DC980}.Release|Any CPU.Build.0 = Release|Any CPU
		{1340F4FD-B6AB-4923-9719-3AAB576C0173}.Debug|Any CPU.ActiveCfg = Debug|Any CPU
		{1340F4FD-B6AB-4923-9719-3AAB576C0173}.Debug|Any CPU.Build.0 = Debug|Any CPU
		{1340F4FD-B6AB-4923-9719-3AAB576C0173}.Release|Any CPU.ActiveCfg = Release|Any CPU
		{1340F4FD-B6AB-4923-9719-3AAB576C0173}.Release|Any CPU.Build.0 = Release|Any CPU
		{0D3FD8FA-B723-4F03-ABF6-4FB32A806982}.Debug|Any CPU.ActiveCfg = Debug|Any CPU
		{0D3FD8FA-B723-4F03-ABF6-4FB32A806982}.Debug|Any CPU.Build.0 = Debug|Any CPU
		{0D3FD8FA-B723-4F03-ABF6-4FB32A806982}.Release|Any CPU.ActiveCfg = Release|Any CPU
		{0D3FD8FA-B723-4F03-ABF6-4FB32A806982}.Release|Any CPU.Build.0 = Release|Any CPU
		{28B3239E-E5BA-4FF3-A44C-F395ADB15617}.Debug|Any CPU.ActiveCfg = Debug|Any CPU
		{28B3239E-E5BA-4FF3-A44C-F395ADB15617}.Debug|Any CPU.Build.0 = Debug|Any CPU
		{28B3239E-E5BA-4FF3-A44C-F395ADB15617}.Release|Any CPU.ActiveCfg = Release|Any CPU
		{28B3239E-E5BA-4FF3-A44C-F395ADB15617}.Release|Any CPU.Build.0 = Release|Any CPU
		{6542E831-DF4E-4E34-BF5A-80BD5BE2ECCC}.Debug|Any CPU.ActiveCfg = Debug|Any CPU
		{6542E831-DF4E-4E34-BF5A-80BD5BE2ECCC}.Debug|Any CPU.Build.0 = Debug|Any CPU
		{6542E831-DF4E-4E34-BF5A-80BD5BE2ECCC}.Release|Any CPU.ActiveCfg = Release|Any CPU
		{6542E831-DF4E-4E34-BF5A-80BD5BE2ECCC}.Release|Any CPU.Build.0 = Release|Any CPU
		{26A90066-78A3-4608-B63B-991650CF0919}.Debug|Any CPU.ActiveCfg = Debug|Any CPU
		{26A90066-78A3-4608-B63B-991650CF0919}.Debug|Any CPU.Build.0 = Debug|Any CPU
		{26A90066-78A3-4608-B63B-991650CF0919}.Release|Any CPU.ActiveCfg = Release|Any CPU
		{26A90066-78A3-4608-B63B-991650CF0919}.Release|Any CPU.Build.0 = Release|Any CPU
	EndGlobalSection
	GlobalSection(SolutionProperties) = preSolution
		HideSolutionNode = FALSE
	EndGlobalSection
	GlobalSection(ExtensibilityGlobals) = postSolution
		SolutionGuid = {E73D8AB0-F3AB-46E6-959C-2E8D3AE1553B}
	EndGlobalSection
EndGlobal
